// !$*UTF8*$!
{
	archiveVersion = 1;
	classes = {
	};
	objectVersion = 50;
	objects = {

/* Begin PBXBuildFile section */
		461691BD2299A20C001124DE /* AppDelegate.swift in Sources */ = {isa = PBXBuildFile; fileRef = 461691BC2299A20C001124DE /* AppDelegate.swift */; };
		461691BF2299A20C001124DE /* ViewController.swift in Sources */ = {isa = PBXBuildFile; fileRef = 461691BE2299A20C001124DE /* ViewController.swift */; };
		461691C22299A20C001124DE /* Main.storyboard in Resources */ = {isa = PBXBuildFile; fileRef = 461691C02299A20C001124DE /* Main.storyboard */; };
		461691C42299A210001124DE /* Assets.xcassets in Resources */ = {isa = PBXBuildFile; fileRef = 461691C32299A210001124DE /* Assets.xcassets */; };
		461691C72299A210001124DE /* LaunchScreen.storyboard in Resources */ = {isa = PBXBuildFile; fileRef = 461691C52299A210001124DE /* LaunchScreen.storyboard */; };
		4616922A2299AD7F001124DE /* Moody.xcdatamodeld in Sources */ = {isa = PBXBuildFile; fileRef = 461692282299AD7F001124DE /* Moody.xcdatamodeld */; };
		461692382299B0F0001124DE /* Mood.swift in Sources */ = {isa = PBXBuildFile; fileRef = 461692372299B0F0001124DE /* Mood.swift */; };
		4616923B2299B35C001124DE /* MoodyStack.swift in Sources */ = {isa = PBXBuildFile; fileRef = 4616923A2299B35C001124DE /* MoodyStack.swift */; };
		46169247229AF506001124DE /* RootViewController.swift in Sources */ = {isa = PBXBuildFile; fileRef = 46169246229AF506001124DE /* RootViewController.swift */; };
		4616924C229AF577001124DE /* SegueHandler.swift in Sources */ = {isa = PBXBuildFile; fileRef = 4616924B229AF577001124DE /* SegueHandler.swift */; };
		4616924E229AF6AB001124DE /* MoodsTableViewController.swift in Sources */ = {isa = PBXBuildFile; fileRef = 4616924D229AF6AB001124DE /* MoodsTableViewController.swift */; };
		46169250229AF6D7001124DE /* MoodDetailViewController.swift in Sources */ = {isa = PBXBuildFile; fileRef = 4616924F229AF6D7001124DE /* MoodDetailViewController.swift */; };
		46169252229AF702001124DE /* CameraViewController.swift in Sources */ = {isa = PBXBuildFile; fileRef = 46169251229AF702001124DE /* CameraViewController.swift */; };
		46169255229AFE4B001124DE /* MoodView.swift in Sources */ = {isa = PBXBuildFile; fileRef = 46169254229AFE4B001124DE /* MoodView.swift */; };
		46169257229AFE67001124DE /* MoodTableViewCell.swift in Sources */ = {isa = PBXBuildFile; fileRef = 46169256229AFE67001124DE /* MoodTableViewCell.swift */; };
		46169259229AFE84001124DE /* CameraView.swift in Sources */ = {isa = PBXBuildFile; fileRef = 46169258229AFE84001124DE /* CameraView.swift */; };
		46304331229C3A3C00FCBDAE /* TableViewDataSource.swift in Sources */ = {isa = PBXBuildFile; fileRef = 46304330229C3A3C00FCBDAE /* TableViewDataSource.swift */; };
		46304333229C3A6500FCBDAE /* NSManagedObjectContext+Extensions.swift in Sources */ = {isa = PBXBuildFile; fileRef = 46304332229C3A6500FCBDAE /* NSManagedObjectContext+Extensions.swift */; };
		46304335229C3A8000FCBDAE /* NSManagedObjectContext+Observers.swift in Sources */ = {isa = PBXBuildFile; fileRef = 46304334229C3A8000FCBDAE /* NSManagedObjectContext+Observers.swift */; };
		46304337229C3A9B00FCBDAE /* Managed.swift in Sources */ = {isa = PBXBuildFile; fileRef = 46304336229C3A9B00FCBDAE /* Managed.swift */; };
		46304339229C3AB000FCBDAE /* ManagedObjectObserver.swift in Sources */ = {isa = PBXBuildFile; fileRef = 46304338229C3AB000FCBDAE /* ManagedObjectObserver.swift */; };
		4630433B229C3AD100FCBDAE /* Utilities.swift in Sources */ = {isa = PBXBuildFile; fileRef = 4630433A229C3AD100FCBDAE /* Utilities.swift */; };
		4630433D229C3AE800FCBDAE /* CaptureSession.swift in Sources */ = {isa = PBXBuildFile; fileRef = 4630433C229C3AE800FCBDAE /* CaptureSession.swift */; };
		4630433F229C3B0100FCBDAE /* IconGenerator.swift in Sources */ = {isa = PBXBuildFile; fileRef = 4630433E229C3B0100FCBDAE /* IconGenerator.swift */; };
/* End PBXBuildFile section */

/* Begin PBXFileReference section */
		461691B92299A20C001124DE /* Moody.app */ = {isa = PBXFileReference; explicitFileType = wrapper.application; includeInIndex = 0; path = Moody.app; sourceTree = BUILT_PRODUCTS_DIR; };
		461691BC2299A20C001124DE /* AppDelegate.swift */ = {isa = PBXFileReference; lastKnownFileType = sourcecode.swift; path = AppDelegate.swift; sourceTree = "<group>"; };
		461691BE2299A20C001124DE /* ViewController.swift */ = {isa = PBXFileReference; lastKnownFileType = sourcecode.swift; path = ViewController.swift; sourceTree = "<group>"; };
		461691C12299A20C001124DE /* Base */ = {isa = PBXFileReference; lastKnownFileType = file.storyboard; name = Base; path = Base.lproj/Main.storyboard; sourceTree = "<group>"; };
		461691C32299A210001124DE /* Assets.xcassets */ = {isa = PBXFileReference; lastKnownFileType = folder.assetcatalog; path = Assets.xcassets; sourceTree = "<group>"; };
		461691C62299A210001124DE /* Base */ = {isa = PBXFileReference; lastKnownFileType = file.storyboard; name = Base; path = Base.lproj/LaunchScreen.storyboard; sourceTree = "<group>"; };
		461691C82299A210001124DE /* Info.plist */ = {isa = PBXFileReference; lastKnownFileType = text.plist.xml; path = Info.plist; sourceTree = "<group>"; };
		461692292299AD7F001124DE /* Moody.xcdatamodel */ = {isa = PBXFileReference; lastKnownFileType = wrapper.xcdatamodel; path = Moody.xcdatamodel; sourceTree = "<group>"; };
		461692372299B0F0001124DE /* Mood.swift */ = {isa = PBXFileReference; lastKnownFileType = sourcecode.swift; path = Mood.swift; sourceTree = "<group>"; };
		4616923A2299B35C001124DE /* MoodyStack.swift */ = {isa = PBXFileReference; lastKnownFileType = sourcecode.swift; path = MoodyStack.swift; sourceTree = "<group>"; };
		46169246229AF506001124DE /* RootViewController.swift */ = {isa = PBXFileReference; lastKnownFileType = sourcecode.swift; path = RootViewController.swift; sourceTree = "<group>"; };
		4616924B229AF577001124DE /* SegueHandler.swift */ = {isa = PBXFileReference; lastKnownFileType = sourcecode.swift; path = SegueHandler.swift; sourceTree = "<group>"; };
		4616924D229AF6AB001124DE /* MoodsTableViewController.swift */ = {isa = PBXFileReference; lastKnownFileType = sourcecode.swift; path = MoodsTableViewController.swift; sourceTree = "<group>"; };
		4616924F229AF6D7001124DE /* MoodDetailViewController.swift */ = {isa = PBXFileReference; lastKnownFileType = sourcecode.swift; path = MoodDetailViewController.swift; sourceTree = "<group>"; };
		46169251229AF702001124DE /* CameraViewController.swift */ = {isa = PBXFileReference; lastKnownFileType = sourcecode.swift; path = CameraViewController.swift; sourceTree = "<group>"; };
		46169254229AFE4B001124DE /* MoodView.swift */ = {isa = PBXFileReference; lastKnownFileType = sourcecode.swift; path = MoodView.swift; sourceTree = "<group>"; };
		46169256229AFE67001124DE /* MoodTableViewCell.swift */ = {isa = PBXFileReference; lastKnownFileType = sourcecode.swift; path = MoodTableViewCell.swift; sourceTree = "<group>"; };
		46169258229AFE84001124DE /* CameraView.swift */ = {isa = PBXFileReference; lastKnownFileType = sourcecode.swift; path = CameraView.swift; sourceTree = "<group>"; };
		46304330229C3A3C00FCBDAE /* TableViewDataSource.swift */ = {isa = PBXFileReference; lastKnownFileType = sourcecode.swift; path = TableViewDataSource.swift; sourceTree = "<group>"; };
		46304332229C3A6500FCBDAE /* NSManagedObjectContext+Extensions.swift */ = {isa = PBXFileReference; lastKnownFileType = sourcecode.swift; path = "NSManagedObjectContext+Extensions.swift"; sourceTree = "<group>"; };
		46304334229C3A8000FCBDAE /* NSManagedObjectContext+Observers.swift */ = {isa = PBXFileReference; lastKnownFileType = sourcecode.swift; path = "NSManagedObjectContext+Observers.swift"; sourceTree = "<group>"; };
		46304336229C3A9B00FCBDAE /* Managed.swift */ = {isa = PBXFileReference; lastKnownFileType = sourcecode.swift; path = Managed.swift; sourceTree = "<group>"; };
		46304338229C3AB000FCBDAE /* ManagedObjectObserver.swift */ = {isa = PBXFileReference; lastKnownFileType = sourcecode.swift; path = ManagedObjectObserver.swift; sourceTree = "<group>"; };
		4630433A229C3AD100FCBDAE /* Utilities.swift */ = {isa = PBXFileReference; lastKnownFileType = sourcecode.swift; path = Utilities.swift; sourceTree = "<group>"; };
		4630433C229C3AE800FCBDAE /* CaptureSession.swift */ = {isa = PBXFileReference; lastKnownFileType = sourcecode.swift; path = CaptureSession.swift; sourceTree = "<group>"; };
		4630433E229C3B0100FCBDAE /* IconGenerator.swift */ = {isa = PBXFileReference; lastKnownFileType = sourcecode.swift; path = IconGenerator.swift; sourceTree = "<group>"; };
/* End PBXFileReference section */

/* Begin PBXFrameworksBuildPhase section */
		461691B62299A20C001124DE /* Frameworks */ = {
			isa = PBXFrameworksBuildPhase;
			buildActionMask = 2147483647;
			files = (
			);
			runOnlyForDeploymentPostprocessing = 0;
		};
/* End PBXFrameworksBuildPhase section */

/* Begin PBXGroup section */
		461691B02299A20B001124DE = {
			isa = PBXGroup;
			children = (
				461691BB2299A20C001124DE /* Moody */,
				461691BA2299A20C001124DE /* Products */,
			);
			sourceTree = "<group>";
		};
		461691BA2299A20C001124DE /* Products */ = {
			isa = PBXGroup;
			children = (
				461691B92299A20C001124DE /* Moody.app */,
			);
			name = Products;
			sourceTree = "<group>";
		};
		461691BB2299A20C001124DE /* Moody */ = {
			isa = PBXGroup;
			children = (
				4630432F229C3A0F00FCBDAE /* Core Data Helpers */,
				46169253229AFE2C001124DE /* Views */,
				46169248229AF551001124DE /* Helpers */,
				46169245229AF4DD001124DE /* View Controllers */,
				461692392299B345001124DE /* Model */,
				461691BC2299A20C001124DE /* AppDelegate.swift */,
				461691BE2299A20C001124DE /* ViewController.swift */,
				461691C02299A20C001124DE /* Main.storyboard */,
				461691C32299A210001124DE /* Assets.xcassets */,
				461691C52299A210001124DE /* LaunchScreen.storyboard */,
				461691C82299A210001124DE /* Info.plist */,
			);
			path = Moody;
			sourceTree = "<group>";
		};
		461692392299B345001124DE /* Model */ = {
			isa = PBXGroup;
			children = (
				461692282299AD7F001124DE /* Moody.xcdatamodeld */,
				4616923A2299B35C001124DE /* MoodyStack.swift */,
				461692372299B0F0001124DE /* Mood.swift */,
			);
			path = Model;
			sourceTree = "<group>";
		};
		46169245229AF4DD001124DE /* View Controllers */ = {
			isa = PBXGroup;
			children = (
				46169246229AF506001124DE /* RootViewController.swift */,
				4616924D229AF6AB001124DE /* MoodsTableViewController.swift */,
				4616924F229AF6D7001124DE /* MoodDetailViewController.swift */,
				46169251229AF702001124DE /* CameraViewController.swift */,
			);
			path = "View Controllers";
			sourceTree = "<group>";
		};
		46169248229AF551001124DE /* Helpers */ = {
			isa = PBXGroup;
			children = (
				4616924B229AF577001124DE /* SegueHandler.swift */,
				4630433A229C3AD100FCBDAE /* Utilities.swift */,
				4630433C229C3AE800FCBDAE /* CaptureSession.swift */,
				4630433E229C3B0100FCBDAE /* IconGenerator.swift */,
			);
			path = Helpers;
			sourceTree = "<group>";
		};
		46169253229AFE2C001124DE /* Views */ = {
			isa = PBXGroup;
			children = (
				46169254229AFE4B001124DE /* MoodView.swift */,
				46169256229AFE67001124DE /* MoodTableViewCell.swift */,
				46169258229AFE84001124DE /* CameraView.swift */,
			);
			path = Views;
			sourceTree = "<group>";
		};
		4630432F229C3A0F00FCBDAE /* Core Data Helpers */ = {
			isa = PBXGroup;
			children = (
				46304330229C3A3C00FCBDAE /* TableViewDataSource.swift */,
				46304332229C3A6500FCBDAE /* NSManagedObjectContext+Extensions.swift */,
				46304334229C3A8000FCBDAE /* NSManagedObjectContext+Observers.swift */,
				46304336229C3A9B00FCBDAE /* Managed.swift */,
				46304338229C3AB000FCBDAE /* ManagedObjectObserver.swift */,
			);
			path = "Core Data Helpers";
			sourceTree = "<group>";
		};
/* End PBXGroup section */

/* Begin PBXNativeTarget section */
		461691B82299A20C001124DE /* Moody */ = {
			isa = PBXNativeTarget;
			buildConfigurationList = 461691CB2299A210001124DE /* Build configuration list for PBXNativeTarget "Moody" */;
			buildPhases = (
				461691B52299A20C001124DE /* Sources */,
				461691B62299A20C001124DE /* Frameworks */,
				461691B72299A20C001124DE /* Resources */,
			);
			buildRules = (
			);
			dependencies = (
			);
			name = Moody;
			productName = Moody;
			productReference = 461691B92299A20C001124DE /* Moody.app */;
			productType = "com.apple.product-type.application";
		};
/* End PBXNativeTarget section */

/* Begin PBXProject section */
		461691B12299A20B001124DE /* Project object */ = {
			isa = PBXProject;
			attributes = {
				LastSwiftUpdateCheck = 1020;
				LastUpgradeCheck = 1020;
				ORGANIZATIONNAME = "Philip Smith";
				TargetAttributes = {
					461691B82299A20C001124DE = {
						CreatedOnToolsVersion = 10.2.1;
					};
				};
			};
			buildConfigurationList = 461691B42299A20B001124DE /* Build configuration list for PBXProject "Moody" */;
			compatibilityVersion = "Xcode 9.3";
			developmentRegion = en;
			hasScannedForEncodings = 0;
			knownRegions = (
				en,
				Base,
			);
			mainGroup = 461691B02299A20B001124DE;
			productRefGroup = 461691BA2299A20C001124DE /* Products */;
			projectDirPath = "";
			projectRoot = "";
			targets = (
				461691B82299A20C001124DE /* Moody */,
			);
		};
/* End PBXProject section */

/* Begin PBXResourcesBuildPhase section */
		461691B72299A20C001124DE /* Resources */ = {
			isa = PBXResourcesBuildPhase;
			buildActionMask = 2147483647;
			files = (
				461691C72299A210001124DE /* LaunchScreen.storyboard in Resources */,
				461691C42299A210001124DE /* Assets.xcassets in Resources */,
				461691C22299A20C001124DE /* Main.storyboard in Resources */,
			);
			runOnlyForDeploymentPostprocessing = 0;
		};
/* End PBXResourcesBuildPhase section */

/* Begin PBXSourcesBuildPhase section */
		461691B52299A20C001124DE /* Sources */ = {
			isa = PBXSourcesBuildPhase;
			buildActionMask = 2147483647;
			files = (
				46169257229AFE67001124DE /* MoodTableViewCell.swift in Sources */,
				46304335229C3A8000FCBDAE /* NSManagedObjectContext+Observers.swift in Sources */,
				461692382299B0F0001124DE /* Mood.swift in Sources */,
				4630433D229C3AE800FCBDAE /* CaptureSession.swift in Sources */,
				46169259229AFE84001124DE /* CameraView.swift in Sources */,
				46169252229AF702001124DE /* CameraViewController.swift in Sources */,
				461691BF2299A20C001124DE /* ViewController.swift in Sources */,
				46304337229C3A9B00FCBDAE /* Managed.swift in Sources */,
				46169255229AFE4B001124DE /* MoodView.swift in Sources */,
				4616924E229AF6AB001124DE /* MoodsTableViewController.swift in Sources */,
				46169247229AF506001124DE /* RootViewController.swift in Sources */,
				4616924C229AF577001124DE /* SegueHandler.swift in Sources */,
				4616922A2299AD7F001124DE /* Moody.xcdatamodeld in Sources */,
				461691BD2299A20C001124DE /* AppDelegate.swift in Sources */,
				4630433B229C3AD100FCBDAE /* Utilities.swift in Sources */,
				4616923B2299B35C001124DE /* MoodyStack.swift in Sources */,
				46304339229C3AB000FCBDAE /* ManagedObjectObserver.swift in Sources */,
				46304331229C3A3C00FCBDAE /* TableViewDataSource.swift in Sources */,
				46169250229AF6D7001124DE /* MoodDetailViewController.swift in Sources */,
				4630433F229C3B0100FCBDAE /* IconGenerator.swift in Sources */,
				46304333229C3A6500FCBDAE /* NSManagedObjectContext+Extensions.swift in Sources */,
			);
			runOnlyForDeploymentPostprocessing = 0;
		};
/* End PBXSourcesBuildPhase section */

/* Begin PBXVariantGroup section */
		461691C02299A20C001124DE /* Main.storyboard */ = {
			isa = PBXVariantGroup;
			children = (
				461691C12299A20C001124DE /* Base */,
			);
			name = Main.storyboard;
			sourceTree = "<group>";
		};
		461691C52299A210001124DE /* LaunchScreen.storyboard */ = {
			isa = PBXVariantGroup;
			children = (
				461691C62299A210001124DE /* Base */,
			);
			name = LaunchScreen.storyboard;
			sourceTree = "<group>";
		};
/* End PBXVariantGroup section */

/* Begin XCBuildConfiguration section */
		461691C92299A210001124DE /* Debug */ = {
			isa = XCBuildConfiguration;
			buildSettings = {
				ALWAYS_SEARCH_USER_PATHS = NO;
				CLANG_ANALYZER_NONNULL = YES;
				CLANG_ANALYZER_NUMBER_OBJECT_CONVERSION = YES_AGGRESSIVE;
				CLANG_CXX_LANGUAGE_STANDARD = "gnu++14";
				CLANG_CXX_LIBRARY = "libc++";
				CLANG_ENABLE_MODULES = YES;
				CLANG_ENABLE_OBJC_ARC = YES;
				CLANG_ENABLE_OBJC_WEAK = YES;
				CLANG_WARN_BLOCK_CAPTURE_AUTORELEASING = YES;
				CLANG_WARN_BOOL_CONVERSION = YES;
				CLANG_WARN_COMMA = YES;
				CLANG_WARN_CONSTANT_CONVERSION = YES;
				CLANG_WARN_DEPRECATED_OBJC_IMPLEMENTATIONS = YES;
				CLANG_WARN_DIRECT_OBJC_ISA_USAGE = YES_ERROR;
				CLANG_WARN_DOCUMENTATION_COMMENTS = YES;
				CLANG_WARN_EMPTY_BODY = YES;
				CLANG_WARN_ENUM_CONVERSION = YES;
				CLANG_WARN_INFINITE_RECURSION = YES;
				CLANG_WARN_INT_CONVERSION = YES;
				CLANG_WARN_NON_LITERAL_NULL_CONVERSION = YES;
				CLANG_WARN_OBJC_IMPLICIT_RETAIN_SELF = YES;
				CLANG_WARN_OBJC_LITERAL_CONVERSION = YES;
				CLANG_WARN_OBJC_ROOT_CLASS = YES_ERROR;
				CLANG_WARN_RANGE_LOOP_ANALYSIS = YES;
				CLANG_WARN_STRICT_PROTOTYPES = YES;
				CLANG_WARN_SUSPICIOUS_MOVE = YES;
				CLANG_WARN_UNGUARDED_AVAILABILITY = YES_AGGRESSIVE;
				CLANG_WARN_UNREACHABLE_CODE = YES;
				CLANG_WARN__DUPLICATE_METHOD_MATCH = YES;
				CODE_SIGN_IDENTITY = "iPhone Developer";
				COPY_PHASE_STRIP = NO;
				DEBUG_INFORMATION_FORMAT = dwarf;
				ENABLE_STRICT_OBJC_MSGSEND = YES;
				ENABLE_TESTABILITY = YES;
				GCC_C_LANGUAGE_STANDARD = gnu11;
				GCC_DYNAMIC_NO_PIC = NO;
				GCC_NO_COMMON_BLOCKS = YES;
				GCC_OPTIMIZATION_LEVEL = 0;
				GCC_PREPROCESSOR_DEFINITIONS = (
					"DEBUG=1",
					"$(inherited)",
				);
				GCC_WARN_64_TO_32_BIT_CONVERSION = YES;
				GCC_WARN_ABOUT_RETURN_TYPE = YES_ERROR;
				GCC_WARN_UNDECLARED_SELECTOR = YES;
				GCC_WARN_UNINITIALIZED_AUTOS = YES_AGGRESSIVE;
				GCC_WARN_UNUSED_FUNCTION = YES;
				GCC_WARN_UNUSED_VARIABLE = YES;
				IPHONEOS_DEPLOYMENT_TARGET = 12.2;
				MTL_ENABLE_DEBUG_INFO = INCLUDE_SOURCE;
				MTL_FAST_MATH = YES;
				ONLY_ACTIVE_ARCH = YES;
				SDKROOT = iphoneos;
				SWIFT_ACTIVE_COMPILATION_CONDITIONS = DEBUG;
				SWIFT_OPTIMIZATION_LEVEL = "-Onone";
			};
			name = Debug;
		};
		461691CA2299A210001124DE /* Release */ = {
			isa = XCBuildConfiguration;
			buildSettings = {
				ALWAYS_SEARCH_USER_PATHS = NO;
				CLANG_ANALYZER_NONNULL = YES;
				CLANG_ANALYZER_NUMBER_OBJECT_CONVERSION = YES_AGGRESSIVE;
				CLANG_CXX_LANGUAGE_STANDARD = "gnu++14";
				CLANG_CXX_LIBRARY = "libc++";
				CLANG_ENABLE_MODULES = YES;
				CLANG_ENABLE_OBJC_ARC = YES;
				CLANG_ENABLE_OBJC_WEAK = YES;
				CLANG_WARN_BLOCK_CAPTURE_AUTORELEASING = YES;
				CLANG_WARN_BOOL_CONVERSION = YES;
				CLANG_WARN_COMMA = YES;
				CLANG_WARN_CONSTANT_CONVERSION = YES;
				CLANG_WARN_DEPRECATED_OBJC_IMPLEMENTATIONS = YES;
				CLANG_WARN_DIRECT_OBJC_ISA_USAGE = YES_ERROR;
				CLANG_WARN_DOCUMENTATION_COMMENTS = YES;
				CLANG_WARN_EMPTY_BODY = YES;
				CLANG_WARN_ENUM_CONVERSION = YES;
				CLANG_WARN_INFINITE_RECURSION = YES;
				CLANG_WARN_INT_CONVERSION = YES;
				CLANG_WARN_NON_LITERAL_NULL_CONVERSION = YES;
				CLANG_WARN_OBJC_IMPLICIT_RETAIN_SELF = YES;
				CLANG_WARN_OBJC_LITERAL_CONVERSION = YES;
				CLANG_WARN_OBJC_ROOT_CLASS = YES_ERROR;
				CLANG_WARN_RANGE_LOOP_ANALYSIS = YES;
				CLANG_WARN_STRICT_PROTOTYPES = YES;
				CLANG_WARN_SUSPICIOUS_MOVE = YES;
				CLANG_WARN_UNGUARDED_AVAILABILITY = YES_AGGRESSIVE;
				CLANG_WARN_UNREACHABLE_CODE = YES;
				CLANG_WARN__DUPLICATE_METHOD_MATCH = YES;
				CODE_SIGN_IDENTITY = "iPhone Developer";
				COPY_PHASE_STRIP = NO;
				DEBUG_INFORMATION_FORMAT = "dwarf-with-dsym";
				ENABLE_NS_ASSERTIONS = NO;
				ENABLE_STRICT_OBJC_MSGSEND = YES;
				GCC_C_LANGUAGE_STANDARD = gnu11;
				GCC_NO_COMMON_BLOCKS = YES;
				GCC_WARN_64_TO_32_BIT_CONVERSION = YES;
				GCC_WARN_ABOUT_RETURN_TYPE = YES_ERROR;
				GCC_WARN_UNDECLARED_SELECTOR = YES;
				GCC_WARN_UNINITIALIZED_AUTOS = YES_AGGRESSIVE;
				GCC_WARN_UNUSED_FUNCTION = YES;
				GCC_WARN_UNUSED_VARIABLE = YES;
				IPHONEOS_DEPLOYMENT_TARGET = 12.2;
				MTL_ENABLE_DEBUG_INFO = NO;
				MTL_FAST_MATH = YES;
				SDKROOT = iphoneos;
				SWIFT_COMPILATION_MODE = wholemodule;
				SWIFT_OPTIMIZATION_LEVEL = "-O";
				VALIDATE_PRODUCT = YES;
			};
			name = Release;
		};
		461691CC2299A210001124DE /* Debug */ = {
			isa = XCBuildConfiguration;
			buildSettings = {
				ASSETCATALOG_COMPILER_APPICON_NAME = AppIcon;
				CODE_SIGN_STYLE = Automatic;
				DEVELOPMENT_TEAM = 5UJ9EQRTX9;
				INFOPLIST_FILE = Moody/Info.plist;
				LD_RUNPATH_SEARCH_PATHS = (
					"$(inherited)",
					"@executable_path/Frameworks",
				);
				PRODUCT_BUNDLE_IDENTIFIER = tech.phils.Moody;
				PRODUCT_NAME = "$(TARGET_NAME)";
				SWIFT_VERSION = 5.0;
				TARGETED_DEVICE_FAMILY = "1,2";
			};
			name = Debug;
		};
		461691CD2299A210001124DE /* Release */ = {
			isa = XCBuildConfiguration;
			buildSettings = {
				ASSETCATALOG_COMPILER_APPICON_NAME = AppIcon;
				CODE_SIGN_STYLE = Automatic;
				DEVELOPMENT_TEAM = 5UJ9EQRTX9;
				INFOPLIST_FILE = Moody/Info.plist;
				LD_RUNPATH_SEARCH_PATHS = (
					"$(inherited)",
					"@executable_path/Frameworks",
				);
				PRODUCT_BUNDLE_IDENTIFIER = tech.phils.Moody;
				PRODUCT_NAME = "$(TARGET_NAME)";
				SWIFT_VERSION = 5.0;
				TARGETED_DEVICE_FAMILY = "1,2";
			};
			name = Release;
		};
/* End XCBuildConfiguration section */

/* Begin XCConfigurationList section */
		461691B42299A20B001124DE /* Build configuration list for PBXProject "Moody" */ = {
			isa = XCConfigurationList;
			buildConfigurations = (
				461691C92299A210001124DE /* Debug */,
				461691CA2299A210001124DE /* Release */,
			);
			defaultConfigurationIsVisible = 0;
			defaultConfigurationName = Release;
		};
		461691CB2299A210001124DE /* Build configuration list for PBXNativeTarget "Moody" */ = {
			isa = XCConfigurationList;
			buildConfigurations = (
				461691CC2299A210001124DE /* Debug */,
				461691CD2299A210001124DE /* Release */,
			);
			defaultConfigurationIsVisible = 0;
			defaultConfigurationName = Release;
		};
/* End XCConfigurationList section */

/* Begin XCVersionGroup section */
		461692282299AD7F001124DE /* Moody.xcdatamodeld */ = {
			isa = XCVersionGroup;
			children = (
				461692292299AD7F001124DE /* Moody.xcdatamodel */,
			);
			currentVersion = 461692292299AD7F001124DE /* Moody.xcdatamodel */;
			path = Moody.xcdatamodeld;
			sourceTree = "<group>";
			versionGroupType = wrapper.xcdatamodel;
		};
/* End XCVersionGroup section */
	};
	rootObject = 461691B12299A20B001124DE /* Project object */;
}
